
Microsoft Visual Studio Solution File, Format Version 12.00
# Visual Studio 2013
VisualStudioVersion = 12.0.31101.0
MinimumVisualStudioVersion = 10.0.40219.1
Project("{FAE04EC0-301F-11D3-BF4B-00C04F79EFBC}") = "WordsUpWeb", "WordsUpWeb\WordsUpWeb.csproj", "{D195BA31-4A93-4FC9-80D3-31B55B151294}"
EndProject
Project("{2150E333-8FDC-42A3-9474-1A3956D46DE8}") = "PublishScripts", "PublishScripts", "{78F264A8-E48E-4C6F-9112-D1D390A2F339}"
	ProjectSection(SolutionItems) = preProject
		PublishScripts\AzureWebsitePublishModule.psm1 = PublishScripts\AzureWebsitePublishModule.psm1
		PublishScripts\Publish-WebApplicationWebsite.ps1 = PublishScripts\Publish-WebApplicationWebsite.ps1
	EndProjectSection
EndProject
Project("{2150E333-8FDC-42A3-9474-1A3956D46DE8}") = "Configurations", "Configurations", "{5313D8C5-BF25-4839-98FA-AD8E654E984C}"
	ProjectSection(SolutionItems) = preProject
		PublishScripts\Configurations\WordsUpWeb-WAWS-dev.json = PublishScripts\Configurations\WordsUpWeb-WAWS-dev.json
	EndProjectSection
EndProject
Project("{2150E333-8FDC-42A3-9474-1A3956D46DE8}") = ".nuget", ".nuget", "{092D66A5-A7B9-44E4-A77A-FD3006E5B5B7}"
	ProjectSection(SolutionItems) = preProject
		.nuget\packages.config = .nuget\packages.config
	EndProjectSection
EndProject
Global
	GlobalSection(SolutionConfigurationPlatforms) = preSolution
		Debug|Any CPU = Debug|Any CPU
		Release|Any CPU = Release|Any CPU
	EndGlobalSection
	GlobalSection(ProjectConfigurationPlatforms) = postSolution
		{D195BA31-4A93-4FC9-80D3-31B55B151294}.Debug|Any CPU.ActiveCfg = Debug|Any CPU
		{D195BA31-4A93-4FC9-80D3-31B55B151294}.Debug|Any CPU.Build.0 = Debug|Any CPU
		{D195BA31-4A93-4FC9-80D3-31B55B151294}.Release|Any CPU.ActiveCfg = Release|Any CPU
		{D195BA31-4A93-4FC9-80D3-31B55B151294}.Release|Any CPU.Build.0 = Release|Any CPU
	EndGlobalSection
	GlobalSection(SolutionProperties) = preSolution
		HideSolutionNode = FALSE
	EndGlobalSection
	GlobalSection(NestedProjects) = preSolution
		{5313D8C5-BF25-4839-98FA-AD8E654E984C} = {78F264A8-E48E-4C6F-9112-D1D390A2F339}
	EndGlobalSection
EndGlobal
